
Microsoft Visual Studio Solution File, Format Version 11.00
# Visual Studio 2010
Project("{FAE04EC0-301F-11D3-BF4B-00C04F79EFBC}") = "Assembly-CSharp", "Assembly-CSharp.csproj", "{BF138B32-4F6B-67D2-26E0-137D63EEDA17}"
EndProject
Project("{FAE04EC0-301F-11D3-BF4B-00C04F79EFBC}") = "V_Animation", "V_Animation.csproj", "{A120AD91-A52B-02C2-9354-EB1B023486FE}"
EndProject
Project("{FAE04EC0-301F-11D3-BF4B-00C04F79EFBC}") = "Assembly-CSharp-Editor", "Assembly-CSharp-Editor.csproj", "{91BE4699-2104-C40A-7081-61EE738E1D1D}"
EndProject
Global
	GlobalSection(SolutionConfigurationPlatforms) = preSolution
		Debug|Any CPU = Debug|Any CPU
		Release|Any CPU = Release|Any CPU
	EndGlobalSection
	GlobalSection(ProjectConfigurationPlatforms) = postSolution
		{BF138B32-4F6B-67D2-26E0-137D63EEDA17}.Debug|Any CPU.ActiveCfg = Debug|Any CPU
		{BF138B32-4F6B-67D2-26E0-137D63EEDA17}.Debug|Any CPU.Build.0 = Debug|Any CPU
		{BF138B32-4F6B-67D2-26E0-137D63EEDA17}.Release|Any CPU.ActiveCfg = Release|Any CPU
		{BF138B32-4F6B-67D2-26E0-137D63EEDA17}.Release|Any CPU.Build.0 = Release|Any CPU
		{A120AD91-A52B-02C2-9354-EB1B023486FE}.Debug|Any CPU.ActiveCfg = Debug|Any CPU
		{A120AD91-A52B-02C2-9354-EB1B023486FE}.Debug|Any CPU.Build.0 = Debug|Any CPU
		{A120AD91-A52B-02C2-9354-EB1B023486FE}.Release|Any CPU.ActiveCfg = Release|Any CPU
		{A120AD91-A52B-02C2-9354-EB1B023486FE}.Release|Any CPU.Build.0 = Release|Any CPU
		{91BE4699-2104-C40A-7081-61EE738E1D1D}.Debug|Any CPU.ActiveCfg = Debug|Any CPU
		{91BE4699-2104-C40A-7081-61EE738E1D1D}.Debug|Any CPU.Build.0 = Debug|Any CPU
		{91BE4699-2104-C40A-7081-61EE738E1D1D}.Release|Any CPU.ActiveCfg = Release|Any CPU
		{91BE4699-2104-C40A-7081-61EE738E1D1D}.Release|Any CPU.Build.0 = Release|Any CPU
	EndGlobalSection
	GlobalSection(SolutionProperties) = preSolution
		HideSolutionNode = FALSE
	EndGlobalSection
EndGlobal
